
Microsoft Visual Studio Solution File, Format Version 12.00
# Visual Studio Version 17
VisualStudioVersion = 17.5.33103.201
MinimumVisualStudioVersion = 10.0.40219.1
Project("{FAE04EC0-301F-11D3-BF4B-00C04F79EFBC}") = "puyoQuestDL", "puyoQuestDL.csproj", "{6F6C91D1-5318-4FD3-9BCF-452C1DED8A23}"
EndProject
Global
	GlobalSection(SolutionConfigurationPlatforms) = preSolution
		Debug|Any CPU = Debug|Any CPU
		Release|Any CPU = Release|Any CPU
	EndGlobalSection
	GlobalSection(ProjectConfigurationPlatforms) = postSolution
		{6F6C91D1-5318-4FD3-9BCF-452C1DED8A23}.Debug|Any CPU.ActiveCfg = Debug|Any CPU
		{6F6C91D1-5318-4FD3-9BCF-452C1DED8A23}.Debug|Any CPU.Build.0 = Debug|Any CPU
		{6F6C91D1-5318-4FD3-9BCF-452C1DED8A23}.Release|Any CPU.ActiveCfg = Release|Any CPU
		{6F6C91D1-5318-4FD3-9BCF-452C1DED8A23}.Release|Any CPU.Build.0 = Release|Any CPU
	EndGlobalSection
	GlobalSection(SolutionProperties) = preSolution
		HideSolutionNode = FALSE
	EndGlobalSection
	GlobalSection(ExtensibilityGlobals) = postSolution
		SolutionGuid = {12AAE77B-D188-494A-9220-61BF773FB822}
	EndGlobalSection
EndGlobal
